
Microsoft Visual Studio Solution File, Format Version 12.00
# Visual Studio Version 16
VisualStudioVersion = 16.0.29806.167
MinimumVisualStudioVersion = 10.0.40219.1
Project("{FAE04EC0-301F-11D3-BF4B-00C04F79EFBC}") = "Dr1", "Dr1\Dr1.csproj", "{0081EB33-2706-41A2-9F41-E2EE00FBDA2B}"
EndProject
Project("{F2A71F9B-5D33-465A-A702-920D77279786}") = "CalculatorFSharp", "CalculatorFSharp\CalculatorFSharp.fsproj", "{FD86E617-9263-47F8-BB30-6B49C9D6CB70}"
EndProject
Project("{F2A71F9B-5D33-465A-A702-920D77279786}") = "CalculatorFSharpTests", "CalculatorFSharpTests\CalculatorFSharpTests.fsproj", "{24518DF0-4DBC-4A3C-8250-68BC87B857D7}"
EndProject
Project("{F2A71F9B-5D33-465A-A702-920D77279786}") = "Mandelbrot", "Mandelbrot\Mandelbrot.fsproj", "{80A25D6C-65A6-4201-814B-B6F6282D6A78}"
EndProject
Project("{FAE04EC0-301F-11D3-BF4B-00C04F79EFBC}") = "WebCalculator", "WebCalculator\WebCalculator.csproj", "{6A8F0716-E027-4DE4-B3D0-88D914EFF21F}"
EndProject
Project("{F2A71F9B-5D33-465A-A702-920D77279786}") = "ClientFSharp", "ClientFSharp\ClientFSharp.fsproj", "{E851D25D-E68D-4F18-983D-36BC861F7C66}"
EndProject
Project("{FAE04EC0-301F-11D3-BF4B-00C04F79EFBC}") = "ClientExpressionTree", "ClientExpressionTree\ClientExpressionTree.csproj", "{5F0A4C07-851E-476E-B191-66DC725A2D4C}"
EndProject
Global
	GlobalSection(SolutionConfigurationPlatforms) = preSolution
		Debug|Any CPU = Debug|Any CPU
		Release|Any CPU = Release|Any CPU
	EndGlobalSection
	GlobalSection(ProjectConfigurationPlatforms) = postSolution
		{0081EB33-2706-41A2-9F41-E2EE00FBDA2B}.Debug|Any CPU.ActiveCfg = Debug|Any CPU
		{0081EB33-2706-41A2-9F41-E2EE00FBDA2B}.Debug|Any CPU.Build.0 = Debug|Any CPU
		{0081EB33-2706-41A2-9F41-E2EE00FBDA2B}.Release|Any CPU.ActiveCfg = Release|Any CPU
		{0081EB33-2706-41A2-9F41-E2EE00FBDA2B}.Release|Any CPU.Build.0 = Release|Any CPU
		{FD86E617-9263-47F8-BB30-6B49C9D6CB70}.Debug|Any CPU.ActiveCfg = Debug|Any CPU
		{FD86E617-9263-47F8-BB30-6B49C9D6CB70}.Debug|Any CPU.Build.0 = Debug|Any CPU
		{FD86E617-9263-47F8-BB30-6B49C9D6CB70}.Release|Any CPU.ActiveCfg = Release|Any CPU
		{FD86E617-9263-47F8-BB30-6B49C9D6CB70}.Release|Any CPU.Build.0 = Release|Any CPU
		{24518DF0-4DBC-4A3C-8250-68BC87B857D7}.Debug|Any CPU.ActiveCfg = Debug|Any CPU
		{24518DF0-4DBC-4A3C-8250-68BC87B857D7}.Debug|Any CPU.Build.0 = Debug|Any CPU
		{24518DF0-4DBC-4A3C-8250-68BC87B857D7}.Release|Any CPU.ActiveCfg = Release|Any CPU
		{24518DF0-4DBC-4A3C-8250-68BC87B857D7}.Release|Any CPU.Build.0 = Release|Any CPU
		{80A25D6C-65A6-4201-814B-B6F6282D6A78}.Debug|Any CPU.ActiveCfg = Debug|Any CPU
		{80A25D6C-65A6-4201-814B-B6F6282D6A78}.Debug|Any CPU.Build.0 = Debug|Any CPU
		{80A25D6C-65A6-4201-814B-B6F6282D6A78}.Release|Any CPU.ActiveCfg = Release|Any CPU
		{80A25D6C-65A6-4201-814B-B6F6282D6A78}.Release|Any CPU.Build.0 = Release|Any CPU
		{6A8F0716-E027-4DE4-B3D0-88D914EFF21F}.Debug|Any CPU.ActiveCfg = Debug|Any CPU
		{6A8F0716-E027-4DE4-B3D0-88D914EFF21F}.Debug|Any CPU.Build.0 = Debug|Any CPU
		{6A8F0716-E027-4DE4-B3D0-88D914EFF21F}.Release|Any CPU.ActiveCfg = Release|Any CPU
		{6A8F0716-E027-4DE4-B3D0-88D914EFF21F}.Release|Any CPU.Build.0 = Release|Any CPU
		{E851D25D-E68D-4F18-983D-36BC861F7C66}.Debug|Any CPU.ActiveCfg = Debug|Any CPU
		{E851D25D-E68D-4F18-983D-36BC861F7C66}.Debug|Any CPU.Build.0 = Debug|Any CPU
		{E851D25D-E68D-4F18-983D-36BC861F7C66}.Release|Any CPU.ActiveCfg = Release|Any CPU
		{E851D25D-E68D-4F18-983D-36BC861F7C66}.Release|Any CPU.Build.0 = Release|Any CPU
		{5F0A4C07-851E-476E-B191-66DC725A2D4C}.Debug|Any CPU.ActiveCfg = Debug|Any CPU
		{5F0A4C07-851E-476E-B191-66DC725A2D4C}.Debug|Any CPU.Build.0 = Debug|Any CPU
		{5F0A4C07-851E-476E-B191-66DC725A2D4C}.Release|Any CPU.ActiveCfg = Release|Any CPU
		{5F0A4C07-851E-476E-B191-66DC725A2D4C}.Release|Any CPU.Build.0 = Release|Any CPU
	EndGlobalSection
	GlobalSection(SolutionProperties) = preSolution
		HideSolutionNode = FALSE
	EndGlobalSection
	GlobalSection(ExtensibilityGlobals) = postSolution
		SolutionGuid = {2A69D3AD-4FC5-4C7F-8B45-5A6AE1FBA044}
	EndGlobalSection
EndGlobal
